
Microsoft Visual Studio Solution File, Format Version 12.00
# Visual Studio Version 16
VisualStudioVersion = 16.0.30128.74
MinimumVisualStudioVersion = 10.0.40219.1
Project("{FAE04EC0-301F-11D3-BF4B-00C04F79EFBC}") = "DataAnnotationExample", "DataAnnotationExample.csproj", "{95DF6846-1887-433F-BA1A-5AC1072E5AB0}"
EndProject
Global
	GlobalSection(SolutionConfigurationPlatforms) = preSolution
		Debug|Any CPU = Debug|Any CPU
		Release|Any CPU = Release|Any CPU
	EndGlobalSection
	GlobalSection(ProjectConfigurationPlatforms) = postSolution
		{95DF6846-1887-433F-BA1A-5AC1072E5AB0}.Debug|Any CPU.ActiveCfg = Debug|Any CPU
		{95DF6846-1887-433F-BA1A-5AC1072E5AB0}.Debug|Any CPU.Build.0 = Debug|Any CPU
		{95DF6846-1887-433F-BA1A-5AC1072E5AB0}.Release|Any CPU.ActiveCfg = Release|Any CPU
		{95DF6846-1887-433F-BA1A-5AC1072E5AB0}.Release|Any CPU.Build.0 = Release|Any CPU
	EndGlobalSection
	GlobalSection(SolutionProperties) = preSolution
		HideSolutionNode = FALSE
	EndGlobalSection
	GlobalSection(ExtensibilityGlobals) = postSolution
		SolutionGuid = {D2C9C066-7850-4ECA-A7BF-21E3DB272660}
	EndGlobalSection
EndGlobal
